
Microsoft Visual Studio Solution File, Format Version 12.00
# Visual Studio 2012
Project("{FAE04EC0-301F-11D3-BF4B-00C04F79EFBC}") = "MeasuresAdvanticMiddlewareDownloaderWindowsService", "MeasuresAdvanticMiddlewareDownloader\MeasuresAdvanticMiddlewareDownloaderWindowsService.csproj", "{9BB0E615-7803-43DB-B96B-4D296684CC40}"
EndProject
Project("{FAE04EC0-301F-11D3-BF4B-00C04F79EFBC}") = "MeasuresAdvanticMiddleware", "MeasuresAdvanticMiddleware\MeasuresAdvanticMiddleware.csproj", "{0C62AD1F-2300-45EC-8AD1-0D86164B262B}"
EndProject
Project("{FAE04EC0-301F-11D3-BF4B-00C04F79EFBC}") = "SOAPClient", "SOAPClient\SOAPClient.csproj", "{910F14BD-C1EC-4D4C-BB56-F21F6C91CB6D}"
EndProject
Project("{2150E333-8FDC-42A3-9474-1A3956D46DE8}") = ".nuget", ".nuget", "{749D739E-29D7-4224-B4B5-A2CF6855163D}"
	ProjectSection(SolutionItems) = preProject
		.nuget\NuGet.Config = .nuget\NuGet.Config
		.nuget\NuGet.exe = .nuget\NuGet.exe
		.nuget\NuGet.targets = .nuget\NuGet.targets
	EndProjectSection
EndProject
Project("{FAE04EC0-301F-11D3-BF4B-00C04F79EFBC}") = "Gnarum.Gestensis.Core.Entities", "..\..\..\..\..\GESTENSIS\GestensisSolution\Gnarum.Gestensis.Core.Entities\Gnarum.Gestensis.Core.Entities.csproj", "{11EB0A23-4223-4C24-8883-0355A943A852}"
EndProject
Global
	GlobalSection(SolutionConfigurationPlatforms) = preSolution
		Debug|Any CPU = Debug|Any CPU
		Debug|Mixed Platforms = Debug|Mixed Platforms
		Debug|x64 = Debug|x64
		Debug|x86 = Debug|x86
		IIS8_64bits|Any CPU = IIS8_64bits|Any CPU
		IIS8_64bits|Mixed Platforms = IIS8_64bits|Mixed Platforms
		IIS8_64bits|x64 = IIS8_64bits|x64
		IIS8_64bits|x86 = IIS8_64bits|x86
		Release|Any CPU = Release|Any CPU
		Release|Mixed Platforms = Release|Mixed Platforms
		Release|x64 = Release|x64
		Release|x86 = Release|x86
	EndGlobalSection
	GlobalSection(ProjectConfigurationPlatforms) = postSolution
		{9BB0E615-7803-43DB-B96B-4D296684CC40}.Debug|Any CPU.ActiveCfg = Debug|x86
		{9BB0E615-7803-43DB-B96B-4D296684CC40}.Debug|Mixed Platforms.ActiveCfg = Debug|x86
		{9BB0E615-7803-43DB-B96B-4D296684CC40}.Debug|Mixed Platforms.Build.0 = Debug|x86
		{9BB0E615-7803-43DB-B96B-4D296684CC40}.Debug|x64.ActiveCfg = Debug|x86
		{9BB0E615-7803-43DB-B96B-4D296684CC40}.Debug|x86.ActiveCfg = Debug|x86
		{9BB0E615-7803-43DB-B96B-4D296684CC40}.Debug|x86.Build.0 = Debug|x86
		{9BB0E615-7803-43DB-B96B-4D296684CC40}.IIS8_64bits|Any CPU.ActiveCfg = Release|x86
		{9BB0E615-7803-43DB-B96B-4D296684CC40}.IIS8_64bits|Mixed Platforms.ActiveCfg = Release|x86
		{9BB0E615-7803-43DB-B96B-4D296684CC40}.IIS8_64bits|Mixed Platforms.Build.0 = Release|x86
		{9BB0E615-7803-43DB-B96B-4D296684CC40}.IIS8_64bits|x64.ActiveCfg = Release|x86
		{9BB0E615-7803-43DB-B96B-4D296684CC40}.IIS8_64bits|x86.ActiveCfg = Release|x86
		{9BB0E615-7803-43DB-B96B-4D296684CC40}.IIS8_64bits|x86.Build.0 = Release|x86
		{9BB0E615-7803-43DB-B96B-4D296684CC40}.Release|Any CPU.ActiveCfg = Release|x86
		{9BB0E615-7803-43DB-B96B-4D296684CC40}.Release|Mixed Platforms.ActiveCfg = Release|x86
		{9BB0E615-7803-43DB-B96B-4D296684CC40}.Release|Mixed Platforms.Build.0 = Release|x86
		{9BB0E615-7803-43DB-B96B-4D296684CC40}.Release|x64.ActiveCfg = Release|x86
		{9BB0E615-7803-43DB-B96B-4D296684CC40}.Release|x86.ActiveCfg = Release|x86
		{9BB0E615-7803-43DB-B96B-4D296684CC40}.Release|x86.Build.0 = Release|x86
		{0C62AD1F-2300-45EC-8AD1-0D86164B262B}.Debug|Any CPU.ActiveCfg = Debug|x86
		{0C62AD1F-2300-45EC-8AD1-0D86164B262B}.Debug|Mixed Platforms.ActiveCfg = Debug|x86
		{0C62AD1F-2300-45EC-8AD1-0D86164B262B}.Debug|Mixed Platforms.Build.0 = Debug|x86
		{0C62AD1F-2300-45EC-8AD1-0D86164B262B}.Debug|x64.ActiveCfg = Debug|x86
		{0C62AD1F-2300-45EC-8AD1-0D86164B262B}.Debug|x86.ActiveCfg = Debug|x86
		{0C62AD1F-2300-45EC-8AD1-0D86164B262B}.Debug|x86.Build.0 = Debug|x86
		{0C62AD1F-2300-45EC-8AD1-0D86164B262B}.IIS8_64bits|Any CPU.ActiveCfg = Release|x86
		{0C62AD1F-2300-45EC-8AD1-0D86164B262B}.IIS8_64bits|Mixed Platforms.ActiveCfg = Release|x86
		{0C62AD1F-2300-45EC-8AD1-0D86164B262B}.IIS8_64bits|Mixed Platforms.Build.0 = Release|x86
		{0C62AD1F-2300-45EC-8AD1-0D86164B262B}.IIS8_64bits|x64.ActiveCfg = Release|x86
		{0C62AD1F-2300-45EC-8AD1-0D86164B262B}.IIS8_64bits|x86.ActiveCfg = Release|x86
		{0C62AD1F-2300-45EC-8AD1-0D86164B262B}.IIS8_64bits|x86.Build.0 = Release|x86
		{0C62AD1F-2300-45EC-8AD1-0D86164B262B}.Release|Any CPU.ActiveCfg = Release|x86
		{0C62AD1F-2300-45EC-8AD1-0D86164B262B}.Release|Mixed Platforms.ActiveCfg = Release|x86
		{0C62AD1F-2300-45EC-8AD1-0D86164B262B}.Release|Mixed Platforms.Build.0 = Release|x86
		{0C62AD1F-2300-45EC-8AD1-0D86164B262B}.Release|x64.ActiveCfg = Release|x86
		{0C62AD1F-2300-45EC-8AD1-0D86164B262B}.Release|x86.ActiveCfg = Release|x86
		{0C62AD1F-2300-45EC-8AD1-0D86164B262B}.Release|x86.Build.0 = Release|x86
		{910F14BD-C1EC-4D4C-BB56-F21F6C91CB6D}.Debug|Any CPU.ActiveCfg = Debug|x86
		{910F14BD-C1EC-4D4C-BB56-F21F6C91CB6D}.Debug|Mixed Platforms.ActiveCfg = Debug|x86
		{910F14BD-C1EC-4D4C-BB56-F21F6C91CB6D}.Debug|Mixed Platforms.Build.0 = Debug|x86
		{910F14BD-C1EC-4D4C-BB56-F21F6C91CB6D}.Debug|x64.ActiveCfg = Debug|x86
		{910F14BD-C1EC-4D4C-BB56-F21F6C91CB6D}.Debug|x86.ActiveCfg = Debug|x86
		{910F14BD-C1EC-4D4C-BB56-F21F6C91CB6D}.Debug|x86.Build.0 = Debug|x86
		{910F14BD-C1EC-4D4C-BB56-F21F6C91CB6D}.IIS8_64bits|Any CPU.ActiveCfg = Release|x86
		{910F14BD-C1EC-4D4C-BB56-F21F6C91CB6D}.IIS8_64bits|Mixed Platforms.ActiveCfg = Release|x86
		{910F14BD-C1EC-4D4C-BB56-F21F6C91CB6D}.IIS8_64bits|Mixed Platforms.Build.0 = Release|x86
		{910F14BD-C1EC-4D4C-BB56-F21F6C91CB6D}.IIS8_64bits|x64.ActiveCfg = Release|x86
		{910F14BD-C1EC-4D4C-BB56-F21F6C91CB6D}.IIS8_64bits|x86.ActiveCfg = Release|x86
		{910F14BD-C1EC-4D4C-BB56-F21F6C91CB6D}.IIS8_64bits|x86.Build.0 = Release|x86
		{910F14BD-C1EC-4D4C-BB56-F21F6C91CB6D}.Release|Any CPU.ActiveCfg = Release|x86
		{910F14BD-C1EC-4D4C-BB56-F21F6C91CB6D}.Release|Mixed Platforms.ActiveCfg = Release|x86
		{910F14BD-C1EC-4D4C-BB56-F21F6C91CB6D}.Release|Mixed Platforms.Build.0 = Release|x86
		{910F14BD-C1EC-4D4C-BB56-F21F6C91CB6D}.Release|x64.ActiveCfg = Release|x86
		{910F14BD-C1EC-4D4C-BB56-F21F6C91CB6D}.Release|x86.ActiveCfg = Release|x86
		{910F14BD-C1EC-4D4C-BB56-F21F6C91CB6D}.Release|x86.Build.0 = Release|x86
		{11EB0A23-4223-4C24-8883-0355A943A852}.Debug|Any CPU.ActiveCfg = Debug|Any CPU
		{11EB0A23-4223-4C24-8883-0355A943A852}.Debug|Any CPU.Build.0 = Debug|Any CPU
		{11EB0A23-4223-4C24-8883-0355A943A852}.Debug|Mixed Platforms.ActiveCfg = Debug|Any CPU
		{11EB0A23-4223-4C24-8883-0355A943A852}.Debug|Mixed Platforms.Build.0 = Debug|Any CPU
		{11EB0A23-4223-4C24-8883-0355A943A852}.Debug|x64.ActiveCfg = Debug|Any CPU
		{11EB0A23-4223-4C24-8883-0355A943A852}.Debug|x86.ActiveCfg = Debug|Any CPU
		{11EB0A23-4223-4C24-8883-0355A943A852}.IIS8_64bits|Any CPU.ActiveCfg = Release|Any CPU
		{11EB0A23-4223-4C24-8883-0355A943A852}.IIS8_64bits|Any CPU.Build.0 = Release|Any CPU
		{11EB0A23-4223-4C24-8883-0355A943A852}.IIS8_64bits|Mixed Platforms.ActiveCfg = Release|Any CPU
		{11EB0A23-4223-4C24-8883-0355A943A852}.IIS8_64bits|Mixed Platforms.Build.0 = Release|Any CPU
		{11EB0A23-4223-4C24-8883-0355A943A852}.IIS8_64bits|x64.ActiveCfg = Release|Any CPU
		{11EB0A23-4223-4C24-8883-0355A943A852}.IIS8_64bits|x86.ActiveCfg = Release|Any CPU
		{11EB0A23-4223-4C24-8883-0355A943A852}.Release|Any CPU.ActiveCfg = Release|Any CPU
		{11EB0A23-4223-4C24-8883-0355A943A852}.Release|Any CPU.Build.0 = Release|Any CPU
		{11EB0A23-4223-4C24-8883-0355A943A852}.Release|Mixed Platforms.ActiveCfg = Release|Any CPU
		{11EB0A23-4223-4C24-8883-0355A943A852}.Release|Mixed Platforms.Build.0 = Release|Any CPU
		{11EB0A23-4223-4C24-8883-0355A943A852}.Release|x64.ActiveCfg = Release|Any CPU
		{11EB0A23-4223-4C24-8883-0355A943A852}.Release|x86.ActiveCfg = Release|Any CPU
	EndGlobalSection
	GlobalSection(SolutionProperties) = preSolution
		HideSolutionNode = FALSE
	EndGlobalSection
EndGlobal
